Microsoft Visual Studio Solution File, Format Version 12.00
# Visual Studio Version 17
VisualStudioVersion = 17.5.2.0
MinimumVisualStudioVersion = 10.0.40219.1
Project("{2150E333-8FDC-42A3-9474-1A3956D46DE8}") = "tests", "tests", "{0AB3BF05-4346-4AA6-1389-037BE0695223}"
EndProject
Project("{2150E333-8FDC-42A3-9474-1A3956D46DE8}") = "src", "src", "{827E0CD3-B72D-47B6-A68D-7590B98EB39B}"
EndProject
Project("{FAE04EC0-301F-11D3-BF4B-00C04F79EFBC}") = "Incursa.Codex.Telegram.Tests", "tests\Incursa.Codex.Telegram.Tests\Incursa.Codex.Telegram.Tests.csproj", "{A4894CD3-5A4F-BBD2-DE2A-C5BBE5A048B6}"
EndProject
Project("{FAE04EC0-301F-11D3-BF4B-00C04F79EFBC}") = "Incursa.Codex.Telegram", "src\Incursa.Codex.Telegram\Incursa.Codex.Telegram.csproj", "{766D79F3-1060-9F6A-4DBB-031BD5B47AF9}"
EndProject
Global
	GlobalSection(SolutionConfigurationPlatforms) = preSolution
		Debug|Any CPU = Debug|Any CPU
		Release|Any CPU = Release|Any CPU
	EndGlobalSection
	GlobalSection(ProjectConfigurationPlatforms) = postSolution
		{A4894CD3-5A4F-BBD2-DE2A-C5BBE5A048B6}.Debug|Any CPU.ActiveCfg = Debug|Any CPU
		{A4894CD3-5A4F-BBD2-DE2A-C5BBE5A048B6}.Debug|Any CPU.Build.0 = Debug|Any CPU
		{A4894CD3-5A4F-BBD2-DE2A-C5BBE5A048B6}.Release|Any CPU.ActiveCfg = Release|Any CPU
		{A4894CD3-5A4F-BBD2-DE2A-C5BBE5A048B6}.Release|Any CPU.Build.0 = Release|Any CPU
		{766D79F3-1060-9F6A-4DBB-031BD5B47AF9}.Debug|Any CPU.ActiveCfg = Debug|Any CPU
		{766D79F3-1060-9F6A-4DBB-031BD5B47AF9}.Debug|Any CPU.Build.0 = Debug|Any CPU
		{766D79F3-1060-9F6A-4DBB-031BD5B47AF9}.Release|Any CPU.ActiveCfg = Release|Any CPU
		{766D79F3-1060-9F6A-4DBB-031BD5B47AF9}.Release|Any CPU.Build.0 = Release|Any CPU
	EndGlobalSection
	GlobalSection(SolutionProperties) = preSolution
		HideSolutionNode = FALSE
	EndGlobalSection
	GlobalSection(NestedProjects) = preSolution
		{A4894CD3-5A4F-BBD2-DE2A-C5BBE5A048B6} = {0AB3BF05-4346-4AA6-1389-037BE0695223}
		{766D79F3-1060-9F6A-4DBB-031BD5B47AF9} = {827E0CD3-B72D-47B6-A68D-7590B98EB39B}
	EndGlobalSection
	GlobalSection(ExtensibilityGlobals) = postSolution
		SolutionGuid = {6807E36F-8AD5-4DA7-A9BF-D11FC2932986}
	EndGlobalSection
EndGlobal
